
Microsoft Visual Studio Solution File, Format Version 12.00
# Visual Studio Version 17
VisualStudioVersion = 17.8.34511.84
MinimumVisualStudioVersion = 10.0.40219.1
Project("{FAE04EC0-301F-11D3-BF4B-00C04F79EFBC}") = "ConsoleApp1", "ConsoleApp1.csproj", "{028BF42E-AB7C-40CF-BFCC-260A016B1E3E}"
EndProject
Project("{2150E333-8FDC-42A3-9474-1A3956D46DE8}") = "Solution Items", "Solution Items", "{0E5364BD-24F3-44ED-B8B4-3CEA6672F502}"
	ProjectSection(SolutionItems) = preProject
		.editorconfig = .editorconfig
	EndProjectSection
EndProject
Global
	GlobalSection(SolutionConfigurationPlatforms) = preSolution
		Debug|Any CPU = Debug|Any CPU
		Release|Any CPU = Release|Any CPU
	EndGlobalSection
	GlobalSection(ProjectConfigurationPlatforms) = postSolution
		{028BF42E-AB7C-40CF-BFCC-260A016B1E3E}.Debug|Any CPU.ActiveCfg = Debug|Any CPU
		{028BF42E-AB7C-40CF-BFCC-260A016B1E3E}.Debug|Any CPU.Build.0 = Debug|Any CPU
		{028BF42E-AB7C-40CF-BFCC-260A016B1E3E}.Release|Any CPU.ActiveCfg = Release|Any CPU
		{028BF42E-AB7C-40CF-BFCC-260A016B1E3E}.Release|Any CPU.Build.0 = Release|Any CPU
	EndGlobalSection
	GlobalSection(SolutionProperties) = preSolution
		HideSolutionNode = FALSE
	EndGlobalSection
	GlobalSection(ExtensibilityGlobals) = postSolution
		SolutionGuid = {6A76EFD9-4469-42EF-864F-DA8415B92846}
	EndGlobalSection
EndGlobal
